{
  "nodes": {
    "flakeNimbleLib": {
      "inputs": {
        "nixpkgs": [
          "nixpkgs"
        ]
      },
      "locked": {
        "lastModified": 1662018438,
        "narHash": "sha256-QtNtU6+LX3Wokxf0zlFwKTFOcn6TeDjKQZ+DA9OYtvM=",
        "owner": "riinr",
        "repo": "nim-flakes-lib",
        "rev": "b1fe8340736e3a85d25c709ac3dfd82a55c03cbf",
        "type": "github"
      },
      "original": {
        "owner": "riinr",
        "ref": "master",
        "repo": "nim-flakes-lib",
        "type": "github"
      }
    },
    "nixpkgs": {
      "locked": {
        "lastModified": 1667199707,
        "narHash": "sha256-I2Js3Y7gUyVSEXPULHlBoRek4Lh85vnevdS6mdvDNLI=",
        "owner": "NixOS",
        "repo": "nixpkgs",
        "rev": "ced197be72099edcfa68ebed8b87af7b04851f45",
        "type": "github"
      },
      "original": {
        "id": "nixpkgs",
        "type": "indirect"
      }
    },
    "root": {
      "inputs": {
        "flakeNimbleLib": "flakeNimbleLib",
        "nixpkgs": "nixpkgs",
        "rss-master": "rss-master"
      }
    },
    "rss-master": {
      "inputs": {
        "flakeNimbleLib": [
          "flakeNimbleLib"
        ],
        "nixpkgs": [
          "nixpkgs"
        ],
        "src-rss-master": "src-rss-master"
      },
      "locked": {
        "dir": "master",
        "lastModified": 1667322640,
        "narHash": "sha256-3TdyHaVgvAH1qYvbCAflRYuWsG6gAUeDUm+lNy04kJI=",
        "owner": "nim-nix-pkgs",
        "repo": "rss",
        "rev": "11bb7ca751c1047e6ce27b114d37960452b2623e",
        "type": "github"
      },
      "original": {
        "dir": "master",
        "owner": "nim-nix-pkgs",
        "ref": "master",
        "repo": "rss",
        "type": "github"
      }
    },
    "src-rss-master": {
      "flake": false,
      "locked": {
        "lastModified": 1570335723,
        "narHash": "sha256-RYG33ecJ7ugmov+UVWuMxx6/x22g86iNzoa0OSoMYE4=",
        "owner": "achesak",
        "repo": "nim-rss",
        "rev": "c51da8c22dbc67889e4884c77d459cea92b17926",
        "type": "github"
      },
      "original": {
        "owner": "achesak",
        "ref": "refs/heads/master",
        "repo": "nim-rss",
        "type": "github"
      }
    }
  },
  "root": "root",
  "version": 7
}
