{
  "nodes": {
    "flakeNimbleLib": {
      "inputs": {
        "nixpkgs": [
          "nixpkgs"
        ]
      },
      "locked": {
        "lastModified": 1662018438,
        "narHash": "sha256-QtNtU6+LX3Wokxf0zlFwKTFOcn6TeDjKQZ+DA9OYtvM=",
        "owner": "riinr",
        "repo": "nim-flakes-lib",
        "rev": "b1fe8340736e3a85d25c709ac3dfd82a55c03cbf",
        "type": "github"
      },
      "original": {
        "owner": "riinr",
        "ref": "master",
        "repo": "nim-flakes-lib",
        "type": "github"
      }
    },
    "nixpkgs": {
      "locked": {
        "lastModified": 1667110639,
        "narHash": "sha256-4FbPESZ5LbqQxkJJJBAfk/zKgF9h/4kyUwjjpJwYlbc=",
        "owner": "NixOS",
        "repo": "nixpkgs",
        "rev": "f38a1f04d1bec1feb61fd101a0539ae2002a7087",
        "type": "github"
      },
      "original": {
        "id": "nixpkgs",
        "type": "indirect"
      }
    },
    "root": {
      "inputs": {
        "flakeNimbleLib": "flakeNimbleLib",
        "nixpkgs": "nixpkgs",
        "rss-master": "rss-master"
      }
    },
    "rss-master": {
      "inputs": {
        "flakeNimbleLib": [
          "flakeNimbleLib"
        ],
        "nixpkgs": [
          "nixpkgs"
        ],
        "src-rss-master": "src-rss-master"
      },
      "locked": {
        "dir": "master",
        "lastModified": 1662254793,
        "narHash": "sha256-2bLcQjqHYzp+ACPjCzLOrly6x1vG7hjecEEB8w53aWw=",
        "owner": "nim-nix-pkgs",
        "repo": "rss",
        "rev": "aa304593d4a629a86c4d5098d37d816c53e28aec",
        "type": "github"
      },
      "original": {
        "dir": "master",
        "owner": "nim-nix-pkgs",
        "ref": "master",
        "repo": "rss",
        "type": "github"
      }
    },
    "src-rss-master": {
      "flake": false,
      "locked": {
        "lastModified": 1570335723,
        "narHash": "sha256-RYG33ecJ7ugmov+UVWuMxx6/x22g86iNzoa0OSoMYE4=",
        "owner": "achesak",
        "repo": "nim-rss",
        "rev": "c51da8c22dbc67889e4884c77d459cea92b17926",
        "type": "github"
      },
      "original": {
        "owner": "achesak",
        "ref": "refs/heads/master",
        "repo": "nim-rss",
        "type": "github"
      }
    }
  },
  "root": "root",
  "version": 7
}
